
Microsoft Visual Studio Solution File, Format Version 12.00
Project("{FAE04EC0-301F-11D3-BF4B-00C04F79EFBC}") = "Front_GroceryToDo", "Front_GroceryToDo\Front_GroceryToDo.csproj", "{81F77499-EDD5-40CC-AC7D-B3E55D4D4985}"
EndProject
Global
	GlobalSection(SolutionConfigurationPlatforms) = preSolution
		Debug|Any CPU = Debug|Any CPU
		Release|Any CPU = Release|Any CPU
	EndGlobalSection
	GlobalSection(ProjectConfigurationPlatforms) = postSolution
		{81F77499-EDD5-40CC-AC7D-B3E55D4D4985}.Debug|Any CPU.ActiveCfg = Debug|Any CPU
		{81F77499-EDD5-40CC-AC7D-B3E55D4D4985}.Debug|Any CPU.Build.0 = Debug|Any CPU
		{81F77499-EDD5-40CC-AC7D-B3E55D4D4985}.Release|Any CPU.ActiveCfg = Release|Any CPU
		{81F77499-EDD5-40CC-AC7D-B3E55D4D4985}.Release|Any CPU.Build.0 = Release|Any CPU
	EndGlobalSection
EndGlobal
